Microsoft Visual Studio Solution File, Format Version 11.00
# Visual Studio 2010
Project("{FAE04EC0-301F-11D3-BF4B-00C04F79EFBC}") = "RadarPointSeries", "RadarPointSeries\RadarPointSeries.csproj", "{60F660A3-3C67-4980-9B37-9F18333B8FF8}"
EndProject
Project("{FAE04EC0-301F-11D3-BF4B-00C04F79EFBC}") = "RadarPointSeries.Web", "RadarPointSeries.Web\RadarPointSeries.Web.csproj", "{97DECC98-9D5E-451A-83C8-B8977199FC6B}"
EndProject
Global
	GlobalSection(SolutionConfigurationPlatforms) = preSolution
		Debug|Any CPU = Debug|Any CPU
		Release|Any CPU = Release|Any CPU
	EndGlobalSection
	GlobalSection(ProjectConfigurationPlatforms) = postSolution
		{60F660A3-3C67-4980-9B37-9F18333B8FF8}.Debug|Any CPU.ActiveCfg = Debug|Any CPU
		{60F660A3-3C67-4980-9B37-9F18333B8FF8}.Debug|Any CPU.Build.0 = Debug|Any CPU
		{60F660A3-3C67-4980-9B37-9F18333B8FF8}.Release|Any CPU.ActiveCfg = Release|Any CPU
		{60F660A3-3C67-4980-9B37-9F18333B8FF8}.Release|Any CPU.Build.0 = Release|Any CPU
		{97DECC98-9D5E-451A-83C8-B8977199FC6B}.Debug|Any CPU.ActiveCfg = Debug|Any CPU
		{97DECC98-9D5E-451A-83C8-B8977199FC6B}.Debug|Any CPU.Build.0 = Debug|Any CPU
		{97DECC98-9D5E-451A-83C8-B8977199FC6B}.Release|Any CPU.ActiveCfg = Release|Any CPU
		{97DECC98-9D5E-451A-83C8-B8977199FC6B}.Release|Any CPU.Build.0 = Release|Any CPU
	EndGlobalSection
	GlobalSection(SolutionProperties) = preSolution
		HideSolutionNode = FALSE
	EndGlobalSection
EndGlobal
